
Microsoft Visual Studio Solution File, Format Version 11.00
# Visual Studio 2010
Project("{FAE04EC0-301F-11D3-BF4B-00C04F79EFBC}") = "NodeNpm", "nodenpm\NodeNpm.csproj", "{DB863DE6-F115-41CC-9384-3411100AC854}"
EndProject
Project("{2150E333-8FDC-42A3-9474-1A3956D46DE8}") = "Solution Items", "Solution Items", "{78745BC2-B454-4670-B60A-4359CD1EA034}"
	ProjectSection(SolutionItems) = preProject
		Local.testsettings = Local.testsettings
		NodeNpm1.vsmdi = NodeNpm1.vsmdi
		TraceAndTestImpact.testsettings = TraceAndTestImpact.testsettings
	EndProjectSection
EndProject
Project("{FAE04EC0-301F-11D3-BF4B-00C04F79EFBC}") = "NpmUnitTests", "NpmUnitTests\NpmUnitTests.csproj", "{5C3AA0CD-AE8E-4C28-95CE-6827A4CEF121}"
EndProject
Project("{FAE04EC0-301F-11D3-BF4B-00C04F79EFBC}") = "NpmApiSample", "NpmApiSample\NpmApiSample.csproj", "{BED55CE3-4502-4491-8A35-08E515CBE4B9}"
EndProject
Global
	GlobalSection(TestCaseManagementSettings) = postSolution
		CategoryFile = NodeNpm1.vsmdi
	EndGlobalSection
	GlobalSection(SolutionConfigurationPlatforms) = preSolution
		Debug|Any CPU = Debug|Any CPU
		Debug|Mixed Platforms = Debug|Mixed Platforms
		Debug|x86 = Debug|x86
		Release|Any CPU = Release|Any CPU
		Release|Mixed Platforms = Release|Mixed Platforms
		Release|x86 = Release|x86
	EndGlobalSection
	GlobalSection(ProjectConfigurationPlatforms) = postSolution
		{DB863DE6-F115-41CC-9384-3411100AC854}.Debug|Any CPU.ActiveCfg = Debug|Any CPU
		{DB863DE6-F115-41CC-9384-3411100AC854}.Debug|Any CPU.Build.0 = Debug|Any CPU
		{DB863DE6-F115-41CC-9384-3411100AC854}.Debug|Mixed Platforms.ActiveCfg = Debug|Any CPU
		{DB863DE6-F115-41CC-9384-3411100AC854}.Debug|Mixed Platforms.Build.0 = Debug|Any CPU
		{DB863DE6-F115-41CC-9384-3411100AC854}.Debug|x86.ActiveCfg = Debug|Any CPU
		{DB863DE6-F115-41CC-9384-3411100AC854}.Release|Any CPU.ActiveCfg = Release|Any CPU
		{DB863DE6-F115-41CC-9384-3411100AC854}.Release|Any CPU.Build.0 = Release|Any CPU
		{DB863DE6-F115-41CC-9384-3411100AC854}.Release|Mixed Platforms.ActiveCfg = Release|Any CPU
		{DB863DE6-F115-41CC-9384-3411100AC854}.Release|Mixed Platforms.Build.0 = Release|Any CPU
		{DB863DE6-F115-41CC-9384-3411100AC854}.Release|x86.ActiveCfg = Release|Any CPU
		{5C3AA0CD-AE8E-4C28-95CE-6827A4CEF121}.Debug|Any CPU.ActiveCfg = Debug|Any CPU
		{5C3AA0CD-AE8E-4C28-95CE-6827A4CEF121}.Debug|Any CPU.Build.0 = Debug|Any CPU
		{5C3AA0CD-AE8E-4C28-95CE-6827A4CEF121}.Debug|Mixed Platforms.ActiveCfg = Debug|Any CPU
		{5C3AA0CD-AE8E-4C28-95CE-6827A4CEF121}.Debug|Mixed Platforms.Build.0 = Debug|Any CPU
		{5C3AA0CD-AE8E-4C28-95CE-6827A4CEF121}.Debug|x86.ActiveCfg = Debug|Any CPU
		{5C3AA0CD-AE8E-4C28-95CE-6827A4CEF121}.Release|Any CPU.ActiveCfg = Release|Any CPU
		{5C3AA0CD-AE8E-4C28-95CE-6827A4CEF121}.Release|Any CPU.Build.0 = Release|Any CPU
		{5C3AA0CD-AE8E-4C28-95CE-6827A4CEF121}.Release|Mixed Platforms.ActiveCfg = Release|Any CPU
		{5C3AA0CD-AE8E-4C28-95CE-6827A4CEF121}.Release|Mixed Platforms.Build.0 = Release|Any CPU
		{5C3AA0CD-AE8E-4C28-95CE-6827A4CEF121}.Release|x86.ActiveCfg = Release|Any CPU
		{BED55CE3-4502-4491-8A35-08E515CBE4B9}.Debug|Any CPU.ActiveCfg = Debug|x86
		{BED55CE3-4502-4491-8A35-08E515CBE4B9}.Debug|Mixed Platforms.ActiveCfg = Debug|x86
		{BED55CE3-4502-4491-8A35-08E515CBE4B9}.Debug|Mixed Platforms.Build.0 = Debug|x86
		{BED55CE3-4502-4491-8A35-08E515CBE4B9}.Debug|x86.ActiveCfg = Debug|x86
		{BED55CE3-4502-4491-8A35-08E515CBE4B9}.Debug|x86.Build.0 = Debug|x86
		{BED55CE3-4502-4491-8A35-08E515CBE4B9}.Release|Any CPU.ActiveCfg = Release|x86
		{BED55CE3-4502-4491-8A35-08E515CBE4B9}.Release|Mixed Platforms.ActiveCfg = Release|x86
		{BED55CE3-4502-4491-8A35-08E515CBE4B9}.Release|Mixed Platforms.Build.0 = Release|x86
		{BED55CE3-4502-4491-8A35-08E515CBE4B9}.Release|x86.ActiveCfg = Release|x86
		{BED55CE3-4502-4491-8A35-08E515CBE4B9}.Release|x86.Build.0 = Release|x86
	EndGlobalSection
	GlobalSection(SolutionProperties) = preSolution
		HideSolutionNode = FALSE
	EndGlobalSection
EndGlobal
